
Microsoft Visual Studio Solution File, Format Version 12.00
# Visual Studio Version 17
VisualStudioVersion = 17.4.33403.182
MinimumVisualStudioVersion = 10.0.40219.1
Project("{FAE04EC0-301F-11D3-BF4B-00C04F79EFBC}") = "CodeTitansLibrary", "CodeTitansLibrary\CodeTitansLibrary.csproj", "{837D6E2A-09D0-4495-B139-3A41E5575A8A}"
EndProject
Global
	GlobalSection(SolutionConfigurationPlatforms) = preSolution
		Debug|Any CPU = Debug|Any CPU
		Release|Any CPU = Release|Any CPU
	EndGlobalSection
	GlobalSection(ProjectConfigurationPlatforms) = postSolution
		{837D6E2A-09D0-4495-B139-3A41E5575A8A}.Debug|Any CPU.ActiveCfg = Debug|Any CPU
		{837D6E2A-09D0-4495-B139-3A41E5575A8A}.Debug|Any CPU.Build.0 = Debug|Any CPU
		{837D6E2A-09D0-4495-B139-3A41E5575A8A}.Release|Any CPU.ActiveCfg = Release|Any CPU
		{837D6E2A-09D0-4495-B139-3A41E5575A8A}.Release|Any CPU.Build.0 = Release|Any CPU
	EndGlobalSection
	GlobalSection(SolutionProperties) = preSolution
		HideSolutionNode = FALSE
	EndGlobalSection
	GlobalSection(ExtensibilityGlobals) = postSolution
		SolutionGuid = {88F0396F-FD13-4B55-99A8-3C9D184E3C7E}
	EndGlobalSection
EndGlobal
